
Microsoft Visual Studio Solution File, Format Version 10.00
# Visual Studio 2008
Project("{2150E333-8FDC-42A3-9474-1A3956D46DE8}") = "002.Business", "002.Business", "{AC3AB05F-A661-443C-A0B1-F063C662F218}"
EndProject
Project("{2150E333-8FDC-42A3-9474-1A3956D46DE8}") = "900.Unit.Test", "900.Unit.Test", "{716A5255-E259-4AFD-AC53-A7A0D21D66C6}"
EndProject
Project("{2150E333-8FDC-42A3-9474-1A3956D46DE8}") = "001.Data", "001.Data", "{2ECC0BBB-808E-472D-985C-F0BF768E4C95}"
EndProject
Project("{FAE04EC0-301F-11D3-BF4B-00C04F79EFBC}") = "TekWorc.Suite.Data", "..\TekWorc.Suite.Data\TekWorc.Suite.Data.csproj", "{483C57D5-DCB3-4DBF-A944-B845A3304D84}"
EndProject
Project("{FAE04EC0-301F-11D3-BF4B-00C04F79EFBC}") = "TekWorc.Suite.Business", "..\TekWorc.Suite.Business\TekWorc.Suite.Business.csproj", "{E70D24BF-CC99-4E38-B1C6-859427477218}"
EndProject
Global
	GlobalSection(SolutionConfigurationPlatforms) = preSolution
		Debug|Any CPU = Debug|Any CPU
		Release|Any CPU = Release|Any CPU
	EndGlobalSection
	GlobalSection(ProjectConfigurationPlatforms) = postSolution
		{483C57D5-DCB3-4DBF-A944-B845A3304D84}.Debug|Any CPU.ActiveCfg = Debug|Any CPU
		{483C57D5-DCB3-4DBF-A944-B845A3304D84}.Debug|Any CPU.Build.0 = Debug|Any CPU
		{483C57D5-DCB3-4DBF-A944-B845A3304D84}.Release|Any CPU.ActiveCfg = Release|Any CPU
		{483C57D5-DCB3-4DBF-A944-B845A3304D84}.Release|Any CPU.Build.0 = Release|Any CPU
		{E70D24BF-CC99-4E38-B1C6-859427477218}.Debug|Any CPU.ActiveCfg = Debug|Any CPU
		{E70D24BF-CC99-4E38-B1C6-859427477218}.Debug|Any CPU.Build.0 = Debug|Any CPU
		{E70D24BF-CC99-4E38-B1C6-859427477218}.Release|Any CPU.ActiveCfg = Release|Any CPU
		{E70D24BF-CC99-4E38-B1C6-859427477218}.Release|Any CPU.Build.0 = Release|Any CPU
	EndGlobalSection
	GlobalSection(SolutionProperties) = preSolution
		HideSolutionNode = FALSE
	EndGlobalSection
	GlobalSection(NestedProjects) = preSolution
		{E70D24BF-CC99-4E38-B1C6-859427477218} = {AC3AB05F-A661-443C-A0B1-F063C662F218}
		{483C57D5-DCB3-4DBF-A944-B845A3304D84} = {2ECC0BBB-808E-472D-985C-F0BF768E4C95}
	EndGlobalSection
EndGlobal
